
Microsoft Visual Studio Solution File, Format Version 12.00
# Visual Studio Version 16
VisualStudioVersion = 16.0.29728.190
MinimumVisualStudioVersion = 10.0.40219.1
Project("{FAE04EC0-301F-11D3-BF4B-00C04F79EFBC}") = "TR.Web", "TR.Web\TR.Web.csproj", "{F843E01E-4C8E-45BF-8D1E-E57673544025}"
EndProject
Project("{FAE04EC0-301F-11D3-BF4B-00C04F79EFBC}") = "TR.Web.Models", "TR.Web.Models\TR.Web.Models.csproj", "{6C7CF61D-E78A-4E7B-AED0-06F77CC51526}"
EndProject
Project("{FAE04EC0-301F-11D3-BF4B-00C04F79EFBC}") = "TR.Web.Services", "TR.Web.Services\TR.Web.Services.csproj", "{89288BE1-8437-443F-999C-28DAF816D6D3}"
EndProject
Global
	GlobalSection(SolutionConfigurationPlatforms) = preSolution
		Debug|Any CPU = Debug|Any CPU
		Release|Any CPU = Release|Any CPU
	EndGlobalSection
	GlobalSection(ProjectConfigurationPlatforms) = postSolution
		{F843E01E-4C8E-45BF-8D1E-E57673544025}.Debug|Any CPU.ActiveCfg = Debug|Any CPU
		{F843E01E-4C8E-45BF-8D1E-E57673544025}.Debug|Any CPU.Build.0 = Debug|Any CPU
		{F843E01E-4C8E-45BF-8D1E-E57673544025}.Release|Any CPU.ActiveCfg = Release|Any CPU
		{F843E01E-4C8E-45BF-8D1E-E57673544025}.Release|Any CPU.Build.0 = Release|Any CPU
		{6C7CF61D-E78A-4E7B-AED0-06F77CC51526}.Debug|Any CPU.ActiveCfg = Debug|Any CPU
		{6C7CF61D-E78A-4E7B-AED0-06F77CC51526}.Debug|Any CPU.Build.0 = Debug|Any CPU
		{6C7CF61D-E78A-4E7B-AED0-06F77CC51526}.Release|Any CPU.ActiveCfg = Release|Any CPU
		{6C7CF61D-E78A-4E7B-AED0-06F77CC51526}.Release|Any CPU.Build.0 = Release|Any CPU
		{89288BE1-8437-443F-999C-28DAF816D6D3}.Debug|Any CPU.ActiveCfg = Debug|Any CPU
		{89288BE1-8437-443F-999C-28DAF816D6D3}.Debug|Any CPU.Build.0 = Debug|Any CPU
		{89288BE1-8437-443F-999C-28DAF816D6D3}.Release|Any CPU.ActiveCfg = Release|Any CPU
		{89288BE1-8437-443F-999C-28DAF816D6D3}.Release|Any CPU.Build.0 = Release|Any CPU
	EndGlobalSection
	GlobalSection(SolutionProperties) = preSolution
		HideSolutionNode = FALSE
	EndGlobalSection
	GlobalSection(ExtensibilityGlobals) = postSolution
		SolutionGuid = {F397D388-C307-464D-8AE8-850AAF9A68D0}
	EndGlobalSection
EndGlobal
